<?xml version="1.0" encoding="utf-8"?>
<Project ToolsVersion="4.0" xmlns="http://schemas.microsoft.com/developer/msbuild/2003">
  <ItemGroup>
    <Filter Include="Archivos de origen">
      <UniqueIdentifier>{4FC737F1-C7A5-4376-A066-2A32D752A2FF}</UniqueIdentifier>
      <Extensions>cpp;c;cc;cxx;def;odl;idl;hpj;bat;asm;asmx</Extensions>
    </Filter>
    <Filter Include="Archivos de encabezado">
      <UniqueIdentifier>{93995380-89BD-4b04-88EB-625FBE52EBFB}</UniqueIdentifier>
      <Extensions>h;hh;hpp;hxx;hm;inl;inc;ipp;xsd</Extensions>
    </Filter>
    <Filter Include="Archivos de recursos">
      <UniqueIdentifier>{67DA6AB6-F800-4c08-8B7A-83BB121AAD01}</UniqueIdentifier>
      <Extensions>rc;ico;cur;bmp;dlg;rc2;rct;bin;rgs;gif;jpg;jpeg;jpe;resx;tiff;tif;png;wav;mfcribbon-ms</Extensions>
    </Filter>
    <Filter Include="Archivos de origen\Modulos">
      <UniqueIdentifier>{e15d73df-3f86-454f-8108-911797aaf6c2}</UniqueIdentifier>
    </Filter>
    <Filter Include="Archivos de origen\Modulos\Gameplay">
      <UniqueIdentifier>{32776d38-01e0-4c6e-a8f3-321d77141d1d}</UniqueIdentifier>
    </Filter>
    <Filter Include="Archivos de origen\Modulos\Core">
      <UniqueIdentifier>{42ac7220-a0ec-402d-bd3c-30d0751e6ff9}</UniqueIdentifier>
    </Filter>
    <Filter Include="Archivos de origen\Utils">
      <UniqueIdentifier>{f841ba87-7284-49c6-9dc5-bf762fc7e62d}</UniqueIdentifier>
    </Filter>
    <Filter Include="Archivos de origen\Entity">
      <UniqueIdentifier>{8800b586-4e1f-4b33-94c9-ea3ba8242aea}</UniqueIdentifier>
    </Filter>
    <Filter Include="Archivos de origen\Applications">
      <UniqueIdentifier>{53a4c763-fc3e-44cb-8b93-8104b44c1b55}</UniqueIdentifier>
    </Filter>
  </ItemGroup>
  <ItemGroup>
    <ClCompile Include="Module.cpp">
      <Filter>Archivos de origen</Filter>
    </ClCompile>
    <ClCompile Include="Globals.cpp">
      <Filter>Archivos de origen\Applications</Filter>
    </ClCompile>
    <ClCompile Include="Application.cpp">
      <Filter>Archivos de origen\Applications</Filter>
    </ClCompile>
    <ClCompile Include="main.cpp">
      <Filter>Archivos de origen\Applications</Filter>
    </ClCompile>
    <ClCompile Include="ModulePlayer.cpp">
      <Filter>Archivos de origen\Modulos\Gameplay</Filter>
    </ClCompile>
    <ClCompile Include="ModuleHammer.cpp">
      <Filter>Archivos de origen\Modulos\Gameplay</Filter>
    </ClCompile>
    <ClCompile Include="ModuleAudio.cpp">
      <Filter>Archivos de origen\Modulos\Core</Filter>
    </ClCompile>
    <ClCompile Include="ModuleWindow.cpp">
      <Filter>Archivos de origen\Modulos\Core</Filter>
    </ClCompile>
    <ClCompile Include="ModuleTextures.cpp">
      <Filter>Archivos de origen\Modulos\Core</Filter>
    </ClCompile>
    <ClCompile Include="ModuleRender.cpp">
      <Filter>Archivos de origen\Modulos\Core</Filter>
    </ClCompile>
    <ClCompile Include="ModuleInput.cpp">
      <Filter>Archivos de origen\Modulos\Core</Filter>
    </ClCompile>
    <ClCompile Include="ModuleCollisions.cpp">
      <Filter>Archivos de origen\Modulos\Core</Filter>
    </ClCompile>
    <ClCompile Include="Collider.cpp">
      <Filter>Archivos de origen\Utils</Filter>
    </ClCompile>
    <ClCompile Include="Enemy.cpp">
      <Filter>Archivos de origen\Entity</Filter>
    </ClCompile>
    <ClCompile Include="ModuleEnemies.cpp">
      <Filter>Archivos de origen\Modulos\Gameplay</Filter>
    </ClCompile>
    <ClCompile Include="Enemy_FireMinion.cpp">
      <Filter>Archivos de origen\Entity</Filter>
    </ClCompile>
    <ClCompile Include="Path.cpp">
      <Filter>Archivos de origen\Utils</Filter>
    </ClCompile>
    <ClCompile Include="Item_Nut.cpp">
      <Filter>Archivos de origen\Entity</Filter>
    </ClCompile>
    <ClCompile Include="Level4.cpp">
      <Filter>Archivos de origen\Modulos\Gameplay</Filter>
    </ClCompile>
    <ClCompile Include="ModuleFadeToBlack.cpp">
      <Filter>Archivos de origen\Modulos\Core</Filter>
    </ClCompile>
    <ClCompile Include="SceneIntro.cpp">
      <Filter>Archivos de origen\Modulos\Gameplay</Filter>
    </ClCompile>
    <ClCompile Include="ModuleSceneWin.cpp">
      <Filter>Archivos de origen\Modulos\Gameplay</Filter>
    </ClCompile>
    <ClCompile Include="ModuleParticles.cpp">
      <Filter>Archivos de origen\Modulos\Core</Filter>
    </ClCompile>
    <ClCompile Include="Particle.cpp">
      <Filter>Archivos de origen\Modulos</Filter>
    </ClCompile>
    <ClCompile Include="ModuleFonts.cpp">
      <Filter>Archivos de origen\Modulos\Gameplay</Filter>
    </ClCompile>
    <ClCompile Include="ModuleHud.cpp">
      <Filter>Archivos de origen\Modulos\Gameplay</Filter>
    </ClCompile>
    <ClCompile Include="Item_Iron.cpp">
      <Filter>Archivos de origen\Entity</Filter>
    </ClCompile>
    <ClCompile Include="Item_Umbrella.cpp">
      <Filter>Archivos de origen\Entity</Filter>
    </ClCompile>
    <ClCompile Include="Item_Bag.cpp">
      <Filter>Archivos de origen\Entity</Filter>
    </ClCompile>
  </ItemGroup>
  <ItemGroup>
    <ClInclude Include="resource.h">
      <Filter>Archivos de encabezado</Filter>
    </ClInclude>
    <ClInclude Include="Globals.h">
      <Filter>Archivos de origen\Applications</Filter>
    </ClInclude>
    <ClInclude Include="MemLeaks.h">
      <Filter>Archivos de origen\Applications</Filter>
    </ClInclude>
    <ClInclude Include="ModulePlayer.h">
      <Filter>Archivos de origen\Modulos\Gameplay</Filter>
    </ClInclude>
    <ClInclude Include="ModuleHammer.h">
      <Filter>Archivos de origen\Modulos\Gameplay</Filter>
    </ClInclude>
    <ClInclude Include="ModuleTextures.h">
      <Filter>Archivos de origen\Modulos\Core</Filter>
    </ClInclude>
    <ClInclude Include="ModuleWindow.h">
      <Filter>Archivos de origen\Modulos\Core</Filter>
    </ClInclude>
    <ClInclude Include="ModuleRender.h">
      <Filter>Archivos de origen\Modulos\Core</Filter>
    </ClInclude>
    <ClInclude Include="ModuleCollisions.h">
      <Filter>Archivos de origen\Modulos\Core</Filter>
    </ClInclude>
    <ClInclude Include="ModuleInput.h">
      <Filter>Archivos de origen\Modulos\Core</Filter>
    </ClInclude>
    <ClInclude Include="ModuleAudio.h">
      <Filter>Archivos de origen\Modulos\Core</Filter>
    </ClInclude>
    <ClInclude Include="Module.h">
      <Filter>Archivos de origen</Filter>
    </ClInclude>
    <ClInclude Include="Application.h">
      <Filter>Archivos de origen\Applications</Filter>
    </ClInclude>
    <ClInclude Include="Animation.h">
      <Filter>Archivos de origen\Utils</Filter>
    </ClInclude>
    <ClInclude Include="p2Point.h">
      <Filter>Archivos de origen\Utils</Filter>
    </ClInclude>
    <ClInclude Include="Collider.h">
      <Filter>Archivos de origen\Utils</Filter>
    </ClInclude>
    <ClInclude Include="Enemy.h">
      <Filter>Archivos de origen\Entity</Filter>
    </ClInclude>
    <ClInclude Include="ModuleEnemies.h">
      <Filter>Archivos de origen\Modulos\Gameplay</Filter>
    </ClInclude>
    <ClInclude Include="Enemy_FireMinion.h">
      <Filter>Archivos de origen\Entity</Filter>
    </ClInclude>
    <ClInclude Include="Path.h">
      <Filter>Archivos de origen\Utils</Filter>
    </ClInclude>
    <ClInclude Include="Item_Nut.h">
      <Filter>Archivos de origen\Entity</Filter>
    </ClInclude>
    <ClInclude Include="Level4.h">
      <Filter>Archivos de origen\Modulos\Gameplay</Filter>
    </ClInclude>
    <ClInclude Include="ModuleFadeToBlack.h">
      <Filter>Archivos de origen\Modulos\Core</Filter>
    </ClInclude>
    <ClInclude Include="SceneIntro.h">
      <Filter>Archivos de origen\Modulos\Gameplay</Filter>
    </ClInclude>
    <ClInclude Include="ModuleSceneWin.h">
      <Filter>Archivos de origen\Modulos\Gameplay</Filter>
    </ClInclude>
    <ClInclude Include="ModuleParticles.h">
      <Filter>Archivos de origen\Modulos\Core</Filter>
    </ClInclude>
    <ClInclude Include="Particle.h">
      <Filter>Archivos de origen\Modulos</Filter>
    </ClInclude>
    <ClInclude Include="ModuleFonts.h">
      <Filter>Archivos de origen\Modulos\Gameplay</Filter>
    </ClInclude>
    <ClInclude Include="ModuleHud.h">
      <Filter>Archivos de origen\Modulos\Gameplay</Filter>
    </ClInclude>
    <ClInclude Include="Item_Iron.h">
      <Filter>Archivos de origen\Entity</Filter>
    </ClInclude>
    <ClInclude Include="Item_Umbrella.h">
      <Filter>Archivos de origen\Entity</Filter>
    </ClInclude>
    <ClInclude Include="Item_Bag.h">
      <Filter>Archivos de origen\Entity</Filter>
    </ClInclude>
  </ItemGroup>
  <ItemGroup>
    <ResourceCompile Include="DONKEY KONG PROJECT.rc">
      <Filter>Archivos de recursos</Filter>
    </ResourceCompile>
  </ItemGroup>
</Project>